
Microsoft Visual Studio Solution File, Format Version 12.00
# Visual Studio 15
VisualStudioVersion = 15.0.27428.2011
MinimumVisualStudioVersion = 10.0.40219.1
Project("{FAE04EC0-301F-11D3-BF4B-00C04F79EFBC}") = "EmailClients.API", "EmailClientProjectAPI\EmailClients.API.csproj", "{C2B488C4-7FBE-42E7-A4CB-ACCB493F0D3D}"
EndProject
Project("{FAE04EC0-301F-11D3-BF4B-00C04F79EFBC}") = "EmailClients.Console", "..\ClientProject\ClientProject\EmailClients.Console.csproj", "{98F10F8A-5FE3-4803-B4EA-2B7BDAB8AB7E}"
EndProject
Project("{FAE04EC0-301F-11D3-BF4B-00C04F79EFBC}") = "EmailClients.WEB", "EmailClient.WEB\EmailClients.WEB.csproj", "{1D1FD036-A191-40A9-8087-C9464C1E145C}"
EndProject
Global
	GlobalSection(SolutionConfigurationPlatforms) = preSolution
		Debug|Any CPU = Debug|Any CPU
		Release|Any CPU = Release|Any CPU
	EndGlobalSection
	GlobalSection(ProjectConfigurationPlatforms) = postSolution
		{C2B488C4-7FBE-42E7-A4CB-ACCB493F0D3D}.Debug|Any CPU.ActiveCfg = Debug|Any CPU
		{C2B488C4-7FBE-42E7-A4CB-ACCB493F0D3D}.Debug|Any CPU.Build.0 = Debug|Any CPU
		{C2B488C4-7FBE-42E7-A4CB-ACCB493F0D3D}.Release|Any CPU.ActiveCfg = Release|Any CPU
		{C2B488C4-7FBE-42E7-A4CB-ACCB493F0D3D}.Release|Any CPU.Build.0 = Release|Any CPU
		{98F10F8A-5FE3-4803-B4EA-2B7BDAB8AB7E}.Debug|Any CPU.ActiveCfg = Debug|Any CPU
		{98F10F8A-5FE3-4803-B4EA-2B7BDAB8AB7E}.Debug|Any CPU.Build.0 = Debug|Any CPU
		{98F10F8A-5FE3-4803-B4EA-2B7BDAB8AB7E}.Release|Any CPU.ActiveCfg = Release|Any CPU
		{98F10F8A-5FE3-4803-B4EA-2B7BDAB8AB7E}.Release|Any CPU.Build.0 = Release|Any CPU
		{1D1FD036-A191-40A9-8087-C9464C1E145C}.Debug|Any CPU.ActiveCfg = Debug|Any CPU
		{1D1FD036-A191-40A9-8087-C9464C1E145C}.Debug|Any CPU.Build.0 = Debug|Any CPU
		{1D1FD036-A191-40A9-8087-C9464C1E145C}.Release|Any CPU.ActiveCfg = Release|Any CPU
		{1D1FD036-A191-40A9-8087-C9464C1E145C}.Release|Any CPU.Build.0 = Release|Any CPU
	EndGlobalSection
	GlobalSection(SolutionProperties) = preSolution
		HideSolutionNode = FALSE
	EndGlobalSection
	GlobalSection(ExtensibilityGlobals) = postSolution
		SolutionGuid = {B032E722-79E8-42BC-ADF7-C3D98585DBC0}
	EndGlobalSection
EndGlobal
